
Microsoft Visual Studio Solution File, Format Version 12.00
# Visual Studio 2012
Project("{FAE04EC0-301F-11D3-BF4B-00C04F79EFBC}") = "SQLiteExample", "SQLiteExample.csproj", "{66B2FAAE-69EA-401C-B262-8A664F532995}"
EndProject
Project("{FAE04EC0-301F-11D3-BF4B-00C04F79EFBC}") = "SQLiteExample.iOS", "iOS\SQLiteExample.iOS.csproj", "{ACB81703-8479-4344-9E86-D1BFEADC1F11}"
EndProject
Project("{FAE04EC0-301F-11D3-BF4B-00C04F79EFBC}") = "SQLiteExample.Droid", "Droid\SQLiteExample.Droid.csproj", "{2C76B2F5-869D-4435-BB62-1AA7EADC5EC4}"
EndProject
Global
	GlobalSection(SolutionConfigurationPlatforms) = preSolution
		Debug|Any CPU = Debug|Any CPU
		Release|Any CPU = Release|Any CPU
		Debug|iPhoneSimulator = Debug|iPhoneSimulator
		Release|iPhone = Release|iPhone
		Release|iPhoneSimulator = Release|iPhoneSimulator
		Debug|iPhone = Debug|iPhone
	EndGlobalSection
	GlobalSection(ProjectConfigurationPlatforms) = postSolution
		{66B2FAAE-69EA-401C-B262-8A664F532995}.Debug|Any CPU.ActiveCfg = Debug|Any CPU
		{66B2FAAE-69EA-401C-B262-8A664F532995}.Debug|Any CPU.Build.0 = Debug|Any CPU
		{66B2FAAE-69EA-401C-B262-8A664F532995}.Release|Any CPU.ActiveCfg = Release|Any CPU
		{66B2FAAE-69EA-401C-B262-8A664F532995}.Release|Any CPU.Build.0 = Release|Any CPU
		{66B2FAAE-69EA-401C-B262-8A664F532995}.Debug|iPhoneSimulator.ActiveCfg = Debug|Any CPU
		{66B2FAAE-69EA-401C-B262-8A664F532995}.Debug|iPhoneSimulator.Build.0 = Debug|Any CPU
		{66B2FAAE-69EA-401C-B262-8A664F532995}.Release|iPhone.ActiveCfg = Release|Any CPU
		{66B2FAAE-69EA-401C-B262-8A664F532995}.Release|iPhone.Build.0 = Release|Any CPU
		{66B2FAAE-69EA-401C-B262-8A664F532995}.Release|iPhoneSimulator.ActiveCfg = Release|Any CPU
		{66B2FAAE-69EA-401C-B262-8A664F532995}.Release|iPhoneSimulator.Build.0 = Release|Any CPU
		{66B2FAAE-69EA-401C-B262-8A664F532995}.Debug|iPhone.ActiveCfg = Debug|Any CPU
		{66B2FAAE-69EA-401C-B262-8A664F532995}.Debug|iPhone.Build.0 = Debug|Any CPU
		{ACB81703-8479-4344-9E86-D1BFEADC1F11}.Debug|Any CPU.ActiveCfg = Debug|iPhoneSimulator
		{ACB81703-8479-4344-9E86-D1BFEADC1F11}.Debug|Any CPU.Build.0 = Debug|iPhoneSimulator
		{ACB81703-8479-4344-9E86-D1BFEADC1F11}.Release|Any CPU.ActiveCfg = Debug|iPhoneSimulator
		{ACB81703-8479-4344-9E86-D1BFEADC1F11}.Release|Any CPU.Build.0 = Debug|iPhoneSimulator
		{ACB81703-8479-4344-9E86-D1BFEADC1F11}.Debug|iPhoneSimulator.ActiveCfg = Debug|iPhoneSimulator
		{ACB81703-8479-4344-9E86-D1BFEADC1F11}.Debug|iPhoneSimulator.Build.0 = Debug|iPhoneSimulator
		{ACB81703-8479-4344-9E86-D1BFEADC1F11}.Release|iPhone.ActiveCfg = Release|iPhone
		{ACB81703-8479-4344-9E86-D1BFEADC1F11}.Release|iPhone.Build.0 = Release|iPhone
		{ACB81703-8479-4344-9E86-D1BFEADC1F11}.Release|iPhoneSimulator.ActiveCfg = Release|iPhoneSimulator
		{ACB81703-8479-4344-9E86-D1BFEADC1F11}.Release|iPhoneSimulator.Build.0 = Release|iPhoneSimulator
		{ACB81703-8479-4344-9E86-D1BFEADC1F11}.Debug|iPhone.ActiveCfg = Debug|iPhone
		{ACB81703-8479-4344-9E86-D1BFEADC1F11}.Debug|iPhone.Build.0 = Debug|iPhone
		{2C76B2F5-869D-4435-BB62-1AA7EADC5EC4}.Debug|Any CPU.ActiveCfg = Debug|Any CPU
		{2C76B2F5-869D-4435-BB62-1AA7EADC5EC4}.Debug|Any CPU.Build.0 = Debug|Any CPU
		{2C76B2F5-869D-4435-BB62-1AA7EADC5EC4}.Release|Any CPU.ActiveCfg = Release|Any CPU
		{2C76B2F5-869D-4435-BB62-1AA7EADC5EC4}.Release|Any CPU.Build.0 = Release|Any CPU
		{2C76B2F5-869D-4435-BB62-1AA7EADC5EC4}.Debug|iPhoneSimulator.ActiveCfg = Debug|Any CPU
		{2C76B2F5-869D-4435-BB62-1AA7EADC5EC4}.Debug|iPhoneSimulator.Build.0 = Debug|Any CPU
		{2C76B2F5-869D-4435-BB62-1AA7EADC5EC4}.Release|iPhone.ActiveCfg = Release|Any CPU
		{2C76B2F5-869D-4435-BB62-1AA7EADC5EC4}.Release|iPhone.Build.0 = Release|Any CPU
		{2C76B2F5-869D-4435-BB62-1AA7EADC5EC4}.Release|iPhoneSimulator.ActiveCfg = Release|Any CPU
		{2C76B2F5-869D-4435-BB62-1AA7EADC5EC4}.Release|iPhoneSimulator.Build.0 = Release|Any CPU
		{2C76B2F5-869D-4435-BB62-1AA7EADC5EC4}.Debug|iPhone.ActiveCfg = Debug|Any CPU
		{2C76B2F5-869D-4435-BB62-1AA7EADC5EC4}.Debug|iPhone.Build.0 = Debug|Any CPU
	EndGlobalSection
EndGlobal
